
Microsoft Visual Studio Solution File, Format Version 12.00
# Visual Studio 15
VisualStudioVersion = 15.0.26724.1
MinimumVisualStudioVersion = 10.0.40219.1
Project("{8BC9CEB8-8B4A-11D0-8D11-00A0C91BC942}") = "partition_1", "partition_1\partition_1.vcxproj", "{C74B45C5-BB41-4D2F-9201-ACD2E76C2071}"
EndProject
Global
	GlobalSection(SolutionConfigurationPlatforms) = preSolution
		Debug|x64 = Debug|x64
		Debug|x86 = Debug|x86
		Release|x64 = Release|x64
		Release|x86 = Release|x86
	EndGlobalSection
	GlobalSection(ProjectConfigurationPlatforms) = postSolution
		{C74B45C5-BB41-4D2F-9201-ACD2E76C2071}.Debug|x64.ActiveCfg = Debug|x64
		{C74B45C5-BB41-4D2F-9201-ACD2E76C2071}.Debug|x64.Build.0 = Debug|x64
		{C74B45C5-BB41-4D2F-9201-ACD2E76C2071}.Debug|x86.ActiveCfg = Debug|Win32
		{C74B45C5-BB41-4D2F-9201-ACD2E76C2071}.Debug|x86.Build.0 = Debug|Win32
		{C74B45C5-BB41-4D2F-9201-ACD2E76C2071}.Release|x64.ActiveCfg = Release|x64
		{C74B45C5-BB41-4D2F-9201-ACD2E76C2071}.Release|x64.Build.0 = Release|x64
		{C74B45C5-BB41-4D2F-9201-ACD2E76C2071}.Release|x86.ActiveCfg = Release|Win32
		{C74B45C5-BB41-4D2F-9201-ACD2E76C2071}.Release|x86.Build.0 = Release|Win32
	EndGlobalSection
	GlobalSection(SolutionProperties) = preSolution
		HideSolutionNode = FALSE
	EndGlobalSection
	GlobalSection(ExtensibilityGlobals) = postSolution
		SolutionGuid = {7F2C47A1-3488-415E-89F0-BB48B8DE52A5}
	EndGlobalSection
EndGlobal
